
Microsoft Visual Studio Solution File, Format Version 12.00
# Visual Studio Version 17
VisualStudioVersion = 17.5.33414.496
MinimumVisualStudioVersion = 10.0.40219.1
Project("{FAE04EC0-301F-11D3-BF4B-00C04F79EFBC}") = "File_Editor", "File_Editor\File_Editor.csproj", "{1D4F2247-279D-4C79-8D44-2BBE2ABFF113}"
EndProject
Global
	GlobalSection(SolutionConfigurationPlatforms) = preSolution
		Debug|Any CPU = Debug|Any CPU
		Release|Any CPU = Release|Any CPU
	EndGlobalSection
	GlobalSection(ProjectConfigurationPlatforms) = postSolution
		{1D4F2247-279D-4C79-8D44-2BBE2ABFF113}.Debug|Any CPU.ActiveCfg = Debug|Any CPU
		{1D4F2247-279D-4C79-8D44-2BBE2ABFF113}.Debug|Any CPU.Build.0 = Debug|Any CPU
		{1D4F2247-279D-4C79-8D44-2BBE2ABFF113}.Release|Any CPU.ActiveCfg = Release|Any CPU
		{1D4F2247-279D-4C79-8D44-2BBE2ABFF113}.Release|Any CPU.Build.0 = Release|Any CPU
	EndGlobalSection
	GlobalSection(SolutionProperties) = preSolution
		HideSolutionNode = FALSE
	EndGlobalSection
	GlobalSection(ExtensibilityGlobals) = postSolution
		SolutionGuid = {ADC6601E-36F0-4B5B-8B5E-BBD3816F999F}
	EndGlobalSection
EndGlobal
